// !$*UTF8*$!
{
	archiveVersion = 1;
	classes = {
	};
	objectVersion = 56;
	objects = {

/* Begin PBXBuildFile section */
		5E1430B82A37039600475E72 /* RatConnectApp.swift in Sources */ = {isa = PBXBuildFile; fileRef = 5E1430B72A37039600475E72 /* RatConnectApp.swift */; };
		5E1430BC2A37039700475E72 /* Assets.xcassets in Resources */ = {isa = PBXBuildFile; fileRef = 5E1430BB2A37039700475E72 /* Assets.xcassets */; };
		5E1430BF2A37039700475E72 /* Preview Assets.xcassets in Resources */ = {isa = PBXBuildFile; fileRef = 5E1430BE2A37039700475E72 /* Preview Assets.xcassets */; };
		5E1430CB2A37051300475E72 /* AppTabView.swift in Sources */ = {isa = PBXBuildFile; fileRef = 5E1430CA2A37051300475E72 /* AppTabView.swift */; };
		5E1430CD2A37063E00475E72 /* ColorExtension.swift in Sources */ = {isa = PBXBuildFile; fileRef = 5E1430CC2A37063E00475E72 /* ColorExtension.swift */; };
		5E1430D32A370BF400475E72 /* CustomButton.swift in Sources */ = {isa = PBXBuildFile; fileRef = 5E1430D22A370BF400475E72 /* CustomButton.swift */; };
		5E1430D52A370C1C00475E72 /* XDismissButton.swift in Sources */ = {isa = PBXBuildFile; fileRef = 5E1430D42A370C1C00475E72 /* XDismissButton.swift */; };
		5E1430D72A370C4100475E72 /* AvatarView.swift in Sources */ = {isa = PBXBuildFile; fileRef = 5E1430D62A370C4100475E72 /* AvatarView.swift */; };
		5E1430D92A3711C300475E72 /* logoView.swift in Sources */ = {isa = PBXBuildFile; fileRef = 5E1430D82A3711C300475E72 /* logoView.swift */; };
		5EAFA7AF2A63DB14006C783D /* SingleGymPreview.swift in Sources */ = {isa = PBXBuildFile; fileRef = 5EAFA7AE2A63DB14006C783D /* SingleGymPreview.swift */; };
		5EDA28F12A3713C0009F600E /* ExploreView.swift in Sources */ = {isa = PBXBuildFile; fileRef = 5EDA28F02A3713C0009F600E /* ExploreView.swift */; };
		5EDA28F32A371454009F600E /* TopBar.swift in Sources */ = {isa = PBXBuildFile; fileRef = 5EDA28F22A371454009F600E /* TopBar.swift */; };
		5EDA28F72A384C64009F600E /* AllGymView.swift in Sources */ = {isa = PBXBuildFile; fileRef = 5EDA28F62A384C64009F600E /* AllGymView.swift */; };
		5EDA28F92A385171009F600E /* ImageSlider.swift in Sources */ = {isa = PBXBuildFile; fileRef = 5EDA28F82A385171009F600E /* ImageSlider.swift */; };
		5EDA28FD2A39D5B8009F600E /* FirstViewWorkout.swift in Sources */ = {isa = PBXBuildFile; fileRef = 5EDA28FC2A39D5B8009F600E /* FirstViewWorkout.swift */; };
		5EDA28FF2A39D6D4009F600E /* WeekValue.swift in Sources */ = {isa = PBXBuildFile; fileRef = 5EDA28FE2A39D6D4009F600E /* WeekValue.swift */; };
		5EDA29022A39D70B009F600E /* WeekStore.swift in Sources */ = {isa = PBXBuildFile; fileRef = 5EDA29012A39D70B009F600E /* WeekStore.swift */; };
		5EDA29042A39D761009F600E /* CustomWeekHeader.swift in Sources */ = {isa = PBXBuildFile; fileRef = 5EDA29032A39D761009F600E /* CustomWeekHeader.swift */; };
/* End PBXBuildFile section */

/* Begin PBXFileReference section */
		5E1430B42A37039600475E72 /* RatConnect.app */ = {isa = PBXFileReference; explicitFileType = wrapper.application; includeInIndex = 0; path = RatConnect.app; sourceTree = BUILT_PRODUCTS_DIR; };
		5E1430B72A37039600475E72 /* RatConnectApp.swift */ = {isa = PBXFileReference; lastKnownFileType = sourcecode.swift; path = RatConnectApp.swift; sourceTree = "<group>"; };
		5E1430BB2A37039700475E72 /* Assets.xcassets */ = {isa = PBXFileReference; lastKnownFileType = folder.assetcatalog; path = Assets.xcassets; sourceTree = "<group>"; };
		5E1430BE2A37039700475E72 /* Preview Assets.xcassets */ = {isa = PBXFileReference; lastKnownFileType = folder.assetcatalog; path = "Preview Assets.xcassets"; sourceTree = "<group>"; };
		5E1430CA2A37051300475E72 /* AppTabView.swift */ = {isa = PBXFileReference; lastKnownFileType = sourcecode.swift; path = AppTabView.swift; sourceTree = "<group>"; };
		5E1430CC2A37063E00475E72 /* ColorExtension.swift */ = {isa = PBXFileReference; lastKnownFileType = sourcecode.swift; path = ColorExtension.swift; sourceTree = "<group>"; };
		5E1430D22A370BF400475E72 /* CustomButton.swift */ = {isa = PBXFileReference; lastKnownFileType = sourcecode.swift; path = CustomButton.swift; sourceTree = "<group>"; };
		5E1430D42A370C1C00475E72 /* XDismissButton.swift */ = {isa = PBXFileReference; lastKnownFileType = sourcecode.swift; path = XDismissButton.swift; sourceTree = "<group>"; };
		5E1430D62A370C4100475E72 /* AvatarView.swift */ = {isa = PBXFileReference; lastKnownFileType = sourcecode.swift; path = AvatarView.swift; sourceTree = "<group>"; };
		5E1430D82A3711C300475E72 /* logoView.swift */ = {isa = PBXFileReference; lastKnownFileType = sourcecode.swift; path = logoView.swift; sourceTree = "<group>"; };
		5EAFA7AE2A63DB14006C783D /* SingleGymPreview.swift */ = {isa = PBXFileReference; lastKnownFileType = sourcecode.swift; path = SingleGymPreview.swift; sourceTree = "<group>"; };
		5EDA28F02A3713C0009F600E /* ExploreView.swift */ = {isa = PBXFileReference; lastKnownFileType = sourcecode.swift; path = ExploreView.swift; sourceTree = "<group>"; };
		5EDA28F22A371454009F600E /* TopBar.swift */ = {isa = PBXFileReference; lastKnownFileType = sourcecode.swift; path = TopBar.swift; sourceTree = "<group>"; };
		5EDA28F62A384C64009F600E /* AllGymView.swift */ = {isa = PBXFileReference; lastKnownFileType = sourcecode.swift; path = AllGymView.swift; sourceTree = "<group>"; };
		5EDA28F82A385171009F600E /* ImageSlider.swift */ = {isa = PBXFileReference; lastKnownFileType = sourcecode.swift; path = ImageSlider.swift; sourceTree = "<group>"; };
		5EDA28FC2A39D5B8009F600E /* FirstViewWorkout.swift */ = {isa = PBXFileReference; lastKnownFileType = sourcecode.swift; path = FirstViewWorkout.swift; sourceTree = "<group>"; };
		5EDA28FE2A39D6D4009F600E /* WeekValue.swift */ = {isa = PBXFileReference; lastKnownFileType = sourcecode.swift; path = WeekValue.swift; sourceTree = "<group>"; };
		5EDA29012A39D70B009F600E /* WeekStore.swift */ = {isa = PBXFileReference; lastKnownFileType = sourcecode.swift; path = WeekStore.swift; sourceTree = "<group>"; };
		5EDA29032A39D761009F600E /* CustomWeekHeader.swift */ = {isa = PBXFileReference; lastKnownFileType = sourcecode.swift; path = CustomWeekHeader.swift; sourceTree = "<group>"; };
/* End PBXFileReference section */

/* Begin PBXFrameworksBuildPhase section */
		5E1430B12A37039600475E72 /* Frameworks */ = {
			isa = PBXFrameworksBuildPhase;
			buildActionMask = 2147483647;
			files = (
			);
			runOnlyForDeploymentPostprocessing = 0;
		};
/* End PBXFrameworksBuildPhase section */

/* Begin PBXGroup section */
		5E1430AB2A37039600475E72 = {
			isa = PBXGroup;
			children = (
				5E1430B62A37039600475E72 /* RatConnect */,
				5E1430B52A37039600475E72 /* Products */,
			);
			sourceTree = "<group>";
		};
		5E1430B52A37039600475E72 /* Products */ = {
			isa = PBXGroup;
			children = (
				5E1430B42A37039600475E72 /* RatConnect.app */,
			);
			name = Products;
			sourceTree = "<group>";
		};
		5E1430B62A37039600475E72 /* RatConnect */ = {
			isa = PBXGroup;
			children = (
				5E1430C72A3703ED00475E72 /* Extensions */,
				5E1430C52A3703CE00475E72 /* Utilities */,
				5E1430C62A3703E200475E72 /* Model */,
				5EDA29002A39D6F4009F600E /* ViewModel */,
				5E1430C82A3703FA00475E72 /* Views */,
				5E1430B72A37039600475E72 /* RatConnectApp.swift */,
				5E1430BB2A37039700475E72 /* Assets.xcassets */,
				5E1430BD2A37039700475E72 /* Preview Content */,
			);
			path = RatConnect;
			sourceTree = "<group>";
		};
		5E1430BD2A37039700475E72 /* Preview Content */ = {
			isa = PBXGroup;
			children = (
				5E1430BE2A37039700475E72 /* Preview Assets.xcassets */,
			);
			path = "Preview Content";
			sourceTree = "<group>";
		};
		5E1430C52A3703CE00475E72 /* Utilities */ = {
			isa = PBXGroup;
			children = (
				5E1430C92A3704E300475E72 /* Managers */,
			);
			path = Utilities;
			sourceTree = "<group>";
		};
		5E1430C62A3703E200475E72 /* Model */ = {
			isa = PBXGroup;
			children = (
				5EDA28FE2A39D6D4009F600E /* WeekValue.swift */,
			);
			path = Model;
			sourceTree = "<group>";
		};
		5E1430C72A3703ED00475E72 /* Extensions */ = {
			isa = PBXGroup;
			children = (
				5E1430CC2A37063E00475E72 /* ColorExtension.swift */,
			);
			path = Extensions;
			sourceTree = "<group>";
		};
		5E1430C82A3703FA00475E72 /* Views */ = {
			isa = PBXGroup;
			children = (
				5E1430D02A370B6F00475E72 /* CustomViews */,
				5E1430CE2A370B5000475E72 /* Cells */,
				5E1430CF2A370B5E00475E72 /* Screens */,
			);
			path = Views;
			sourceTree = "<group>";
		};
		5E1430C92A3704E300475E72 /* Managers */ = {
			isa = PBXGroup;
			children = (
			);
			path = Managers;
			sourceTree = "<group>";
		};
		5E1430CE2A370B5000475E72 /* Cells */ = {
			isa = PBXGroup;
			children = (
			);
			path = Cells;
			sourceTree = "<group>";
		};
		5E1430CF2A370B5E00475E72 /* Screens */ = {
			isa = PBXGroup;
			children = (
				5EEA2E262A6FBB8D002C31E6 /* Workout */,
				5EEA2E252A6FBB6D002C31E6 /* Gym */,
				5E1430CA2A37051300475E72 /* AppTabView.swift */,
				5EDA28F02A3713C0009F600E /* ExploreView.swift */,
			);
			path = Screens;
			sourceTree = "<group>";
		};
		5E1430D02A370B6F00475E72 /* CustomViews */ = {
			isa = PBXGroup;
			children = (
				5E1430D12A370BCA00475E72 /* Buttons */,
				5E1430D62A370C4100475E72 /* AvatarView.swift */,
				5E1430D82A3711C300475E72 /* logoView.swift */,
				5EDA28F22A371454009F600E /* TopBar.swift */,
				5EDA28F82A385171009F600E /* ImageSlider.swift */,
				5EDA29032A39D761009F600E /* CustomWeekHeader.swift */,
			);
			path = CustomViews;
			sourceTree = "<group>";
		};
		5E1430D12A370BCA00475E72 /* Buttons */ = {
			isa = PBXGroup;
			children = (
				5E1430D22A370BF400475E72 /* CustomButton.swift */,
				5E1430D42A370C1C00475E72 /* XDismissButton.swift */,
			);
			path = Buttons;
			sourceTree = "<group>";
		};
		5EDA29002A39D6F4009F600E /* ViewModel */ = {
			isa = PBXGroup;
			children = (
				5EDA29012A39D70B009F600E /* WeekStore.swift */,
			);
			path = ViewModel;
			sourceTree = "<group>";
		};
		5EEA2E252A6FBB6D002C31E6 /* Gym */ = {
			isa = PBXGroup;
			children = (
				5EDA28F62A384C64009F600E /* AllGymView.swift */,
				5EAFA7AE2A63DB14006C783D /* SingleGymPreview.swift */,
			);
			path = Gym;
			sourceTree = "<group>";
		};
		5EEA2E262A6FBB8D002C31E6 /* Workout */ = {
			isa = PBXGroup;
			children = (
				5EDA28FC2A39D5B8009F600E /* FirstViewWorkout.swift */,
			);
			path = Workout;
			sourceTree = "<group>";
		};
/* End PBXGroup section */

/* Begin PBXNativeTarget section */
		5E1430B32A37039600475E72 /* RatConnect */ = {
			isa = PBXNativeTarget;
			buildConfigurationList = 5E1430C22A37039700475E72 /* Build configuration list for PBXNativeTarget "RatConnect" */;
			buildPhases = (
				5E1430B02A37039600475E72 /* Sources */,
				5E1430B12A37039600475E72 /* Frameworks */,
				5E1430B22A37039600475E72 /* Resources */,
			);
			buildRules = (
			);
			dependencies = (
			);
			name = RatConnect;
			productName = RatConnect;
			productReference = 5E1430B42A37039600475E72 /* RatConnect.app */;
			productType = "com.apple.product-type.application";
		};
/* End PBXNativeTarget section */

/* Begin PBXProject section */
		5E1430AC2A37039600475E72 /* Project object */ = {
			isa = PBXProject;
			attributes = {
				BuildIndependentTargetsInParallel = 1;
				LastSwiftUpdateCheck = 1430;
				LastUpgradeCheck = 1430;
				TargetAttributes = {
					5E1430B32A37039600475E72 = {
						CreatedOnToolsVersion = 14.3.1;
					};
				};
			};
			buildConfigurationList = 5E1430AF2A37039600475E72 /* Build configuration list for PBXProject "RatConnect" */;
			compatibilityVersion = "Xcode 14.0";
			developmentRegion = en;
			hasScannedForEncodings = 0;
			knownRegions = (
				en,
				Base,
			);
			mainGroup = 5E1430AB2A37039600475E72;
			productRefGroup = 5E1430B52A37039600475E72 /* Products */;
			projectDirPath = "";
			projectRoot = "";
			targets = (
				5E1430B32A37039600475E72 /* RatConnect */,
			);
		};
/* End PBXProject section */

/* Begin PBXResourcesBuildPhase section */
		5E1430B22A37039600475E72 /* Resources */ = {
			isa = PBXResourcesBuildPhase;
			buildActionMask = 2147483647;
			files = (
				5E1430BF2A37039700475E72 /* Preview Assets.xcassets in Resources */,
				5E1430BC2A37039700475E72 /* Assets.xcassets in Resources */,
			);
			runOnlyForDeploymentPostprocessing = 0;
		};
/* End PBXResourcesBuildPhase section */

/* Begin PBXSourcesBuildPhase section */
		5E1430B02A37039600475E72 /* Sources */ = {
			isa = PBXSourcesBuildPhase;
			buildActionMask = 2147483647;
			files = (
				5E1430D32A370BF400475E72 /* CustomButton.swift in Sources */,
				5EDA28F32A371454009F600E /* TopBar.swift in Sources */,
				5EAFA7AF2A63DB14006C783D /* SingleGymPreview.swift in Sources */,
				5EDA28F92A385171009F600E /* ImageSlider.swift in Sources */,
				5EDA29022A39D70B009F600E /* WeekStore.swift in Sources */,
				5EDA28FF2A39D6D4009F600E /* WeekValue.swift in Sources */,
				5E1430D72A370C4100475E72 /* AvatarView.swift in Sources */,
				5E1430CD2A37063E00475E72 /* ColorExtension.swift in Sources */,
				5E1430CB2A37051300475E72 /* AppTabView.swift in Sources */,
				5E1430B82A37039600475E72 /* RatConnectApp.swift in Sources */,
				5E1430D92A3711C300475E72 /* logoView.swift in Sources */,
				5EDA29042A39D761009F600E /* CustomWeekHeader.swift in Sources */,
				5EDA28F72A384C64009F600E /* AllGymView.swift in Sources */,
				5EDA28F12A3713C0009F600E /* ExploreView.swift in Sources */,
				5E1430D52A370C1C00475E72 /* XDismissButton.swift in Sources */,
				5EDA28FD2A39D5B8009F600E /* FirstViewWorkout.swift in Sources */,
			);
			runOnlyForDeploymentPostprocessing = 0;
		};
/* End PBXSourcesBuildPhase section */

/* Begin XCBuildConfiguration section */
		5E1430C02A37039700475E72 /* Debug */ = {
			isa = XCBuildConfiguration;
			buildSettings = {
				ALWAYS_SEARCH_USER_PATHS = NO;
				CLANG_ANALYZER_NONNULL = YES;
				CLANG_ANALYZER_NUMBER_OBJECT_CONVERSION = YES_AGGRESSIVE;
				CLANG_CXX_LANGUAGE_STANDARD = "gnu++20";
				CLANG_ENABLE_MODULES = YES;
				CLANG_ENABLE_OBJC_ARC = YES;
				CLANG_ENABLE_OBJC_WEAK = YES;
				CLANG_WARN_BLOCK_CAPTURE_AUTORELEASING = YES;
				CLANG_WARN_BOOL_CONVERSION = YES;
				CLANG_WARN_COMMA = YES;
				CLANG_WARN_CONSTANT_CONVERSION = YES;
				CLANG_WARN_DEPRECATED_OBJC_IMPLEMENTATIONS = YES;
				CLANG_WARN_DIRECT_OBJC_ISA_USAGE = YES_ERROR;
				CLANG_WARN_DOCUMENTATION_COMMENTS = YES;
				CLANG_WARN_EMPTY_BODY = YES;
				CLANG_WARN_ENUM_CONVERSION = YES;
				CLANG_WARN_INFINITE_RECURSION = YES;
				CLANG_WARN_INT_CONVERSION = YES;
				CLANG_WARN_NON_LITERAL_NULL_CONVERSION = YES;
				CLANG_WARN_OBJC_IMPLICIT_RETAIN_SELF = YES;
				CLANG_WARN_OBJC_LITERAL_CONVERSION = YES;
				CLANG_WARN_OBJC_ROOT_CLASS = YES_ERROR;
				CLANG_WARN_QUOTED_INCLUDE_IN_FRAMEWORK_HEADER = YES;
				CLANG_WARN_RANGE_LOOP_ANALYSIS = YES;
				CLANG_WARN_STRICT_PROTOTYPES = YES;
				CLANG_WARN_SUSPICIOUS_MOVE = YES;
				CLANG_WARN_UNGUARDED_AVAILABILITY = YES_AGGRESSIVE;
				CLANG_WARN_UNREACHABLE_CODE = YES;
				CLANG_WARN__DUPLICATE_METHOD_MATCH = YES;
				COPY_PHASE_STRIP = NO;
				DEBUG_INFORMATION_FORMAT = dwarf;
				ENABLE_STRICT_OBJC_MSGSEND = YES;
				ENABLE_TESTABILITY = YES;
				GCC_C_LANGUAGE_STANDARD = gnu11;
				GCC_DYNAMIC_NO_PIC = NO;
				GCC_NO_COMMON_BLOCKS = YES;
				GCC_OPTIMIZATION_LEVEL = 0;
				GCC_PREPROCESSOR_DEFINITIONS = (
					"DEBUG=1",
					"$(inherited)",
				);
				GCC_WARN_64_TO_32_BIT_CONVERSION = YES;
				GCC_WARN_ABOUT_RETURN_TYPE = YES_ERROR;
				GCC_WARN_UNDECLARED_SELECTOR = YES;
				GCC_WARN_UNINITIALIZED_AUTOS = YES_AGGRESSIVE;
				GCC_WARN_UNUSED_FUNCTION = YES;
				GCC_WARN_UNUSED_VARIABLE = YES;
				IPHONEOS_DEPLOYMENT_TARGET = 16.4;
				MTL_ENABLE_DEBUG_INFO = INCLUDE_SOURCE;
				MTL_FAST_MATH = YES;
				ONLY_ACTIVE_ARCH = YES;
				SDKROOT = iphoneos;
				SWIFT_ACTIVE_COMPILATION_CONDITIONS = DEBUG;
				SWIFT_OPTIMIZATION_LEVEL = "-Onone";
			};
			name = Debug;
		};
		5E1430C12A37039700475E72 /* Release */ = {
			isa = XCBuildConfiguration;
			buildSettings = {
				ALWAYS_SEARCH_USER_PATHS = NO;
				CLANG_ANALYZER_NONNULL = YES;
				CLANG_ANALYZER_NUMBER_OBJECT_CONVERSION = YES_AGGRESSIVE;
				CLANG_CXX_LANGUAGE_STANDARD = "gnu++20";
				CLANG_ENABLE_MODULES = YES;
				CLANG_ENABLE_OBJC_ARC = YES;
				CLANG_ENABLE_OBJC_WEAK = YES;
				CLANG_WARN_BLOCK_CAPTURE_AUTORELEASING = YES;
				CLANG_WARN_BOOL_CONVERSION = YES;
				CLANG_WARN_COMMA = YES;
				CLANG_WARN_CONSTANT_CONVERSION = YES;
				CLANG_WARN_DEPRECATED_OBJC_IMPLEMENTATIONS = YES;
				CLANG_WARN_DIRECT_OBJC_ISA_USAGE = YES_ERROR;
				CLANG_WARN_DOCUMENTATION_COMMENTS = YES;
				CLANG_WARN_EMPTY_BODY = YES;
				CLANG_WARN_ENUM_CONVERSION = YES;
				CLANG_WARN_INFINITE_RECURSION = YES;
				CLANG_WARN_INT_CONVERSION = YES;
				CLANG_WARN_NON_LITERAL_NULL_CONVERSION = YES;
				CLANG_WARN_OBJC_IMPLICIT_RETAIN_SELF = YES;
				CLANG_WARN_OBJC_LITERAL_CONVERSION = YES;
				CLANG_WARN_OBJC_ROOT_CLASS = YES_ERROR;
				CLANG_WARN_QUOTED_INCLUDE_IN_FRAMEWORK_HEADER = YES;
				CLANG_WARN_RANGE_LOOP_ANALYSIS = YES;
				CLANG_WARN_STRICT_PROTOTYPES = YES;
				CLANG_WARN_SUSPICIOUS_MOVE = YES;
				CLANG_WARN_UNGUARDED_AVAILABILITY = YES_AGGRESSIVE;
				CLANG_WARN_UNREACHABLE_CODE = YES;
				CLANG_WARN__DUPLICATE_METHOD_MATCH = YES;
				COPY_PHASE_STRIP = NO;
				DEBUG_INFORMATION_FORMAT = "dwarf-with-dsym";
				ENABLE_NS_ASSERTIONS = NO;
				ENABLE_STRICT_OBJC_MSGSEND = YES;
				GCC_C_LANGUAGE_STANDARD = gnu11;
				GCC_NO_COMMON_BLOCKS = YES;
				GCC_WARN_64_TO_32_BIT_CONVERSION = YES;
				GCC_WARN_ABOUT_RETURN_TYPE = YES_ERROR;
				GCC_WARN_UNDECLARED_SELECTOR = YES;
				GCC_WARN_UNINITIALIZED_AUTOS = YES_AGGRESSIVE;
				GCC_WARN_UNUSED_FUNCTION = YES;
				GCC_WARN_UNUSED_VARIABLE = YES;
				IPHONEOS_DEPLOYMENT_TARGET = 16.4;
				MTL_ENABLE_DEBUG_INFO = NO;
				MTL_FAST_MATH = YES;
				SDKROOT = iphoneos;
				SWIFT_COMPILATION_MODE = wholemodule;
				SWIFT_OPTIMIZATION_LEVEL = "-O";
				VALIDATE_PRODUCT = YES;
			};
			name = Release;
		};
		5E1430C32A37039700475E72 /* Debug */ = {
			isa = XCBuildConfiguration;
			buildSettings = {
				ASSETCATALOG_COMPILER_APPICON_NAME = AppIcon;
				ASSETCATALOG_COMPILER_GLOBAL_ACCENT_COLOR_NAME = AccentColor;
				CODE_SIGN_STYLE = Automatic;
				CURRENT_PROJECT_VERSION = 1;
				DEVELOPMENT_ASSET_PATHS = "\"RatConnect/Preview Content\"";
				DEVELOPMENT_TEAM = 83GUQUX6U7;
				ENABLE_PREVIEWS = YES;
				GENERATE_INFOPLIST_FILE = YES;
				INFOPLIST_KEY_UIApplicationSceneManifest_Generation = YES;
				INFOPLIST_KEY_UIApplicationSupportsIndirectInputEvents = YES;
				INFOPLIST_KEY_UILaunchScreen_Generation = YES;
				INFOPLIST_KEY_UISupportedInterfaceOrientations_iPad = "UIInterfaceOrientationPortrait UIInterfaceOrientationPortraitUpsideDown UIInterfaceOrientationLandscapeLeft UIInterfaceOrientationLandscapeRight";
				INFOPLIST_KEY_UISupportedInterfaceOrientations_iPhone = "UIInterfaceOrientationPortrait UIInterfaceOrientationLandscapeLeft UIInterfaceOrientationLandscapeRight";
				LD_RUNPATH_SEARCH_PATHS = (
					"$(inherited)",
					"@executable_path/Frameworks",
				);
				MARKETING_VERSION = 1.0;
				PRODUCT_BUNDLE_IDENTIFIER = com.shahad.RatConnect;
				PRODUCT_NAME = "$(TARGET_NAME)";
				SWIFT_EMIT_LOC_STRINGS = YES;
				SWIFT_VERSION = 5.0;
				TARGETED_DEVICE_FAMILY = "1,2";
			};
			name = Debug;
		};
		5E1430C42A37039700475E72 /* Release */ = {
			isa = XCBuildConfiguration;
			buildSettings = {
				ASSETCATALOG_COMPILER_APPICON_NAME = AppIcon;
				ASSETCATALOG_COMPILER_GLOBAL_ACCENT_COLOR_NAME = AccentColor;
				CODE_SIGN_STYLE = Automatic;
				CURRENT_PROJECT_VERSION = 1;
				DEVELOPMENT_ASSET_PATHS = "\"RatConnect/Preview Content\"";
				DEVELOPMENT_TEAM = 83GUQUX6U7;
				ENABLE_PREVIEWS = YES;
				GENERATE_INFOPLIST_FILE = YES;
				INFOPLIST_KEY_UIApplicationSceneManifest_Generation = YES;
				INFOPLIST_KEY_UIApplicationSupportsIndirectInputEvents = YES;
				INFOPLIST_KEY_UILaunchScreen_Generation = YES;
				INFOPLIST_KEY_UISupportedInterfaceOrientations_iPad = "UIInterfaceOrientationPortrait UIInterfaceOrientationPortraitUpsideDown UIInterfaceOrientationLandscapeLeft UIInterfaceOrientationLandscapeRight";
				INFOPLIST_KEY_UISupportedInterfaceOrientations_iPhone = "UIInterfaceOrientationPortrait UIInterfaceOrientationLandscapeLeft UIInterfaceOrientationLandscapeRight";
				LD_RUNPATH_SEARCH_PATHS = (
					"$(inherited)",
					"@executable_path/Frameworks",
				);
				MARKETING_VERSION = 1.0;
				PRODUCT_BUNDLE_IDENTIFIER = com.shahad.RatConnect;
				PRODUCT_NAME = "$(TARGET_NAME)";
				SWIFT_EMIT_LOC_STRINGS = YES;
				SWIFT_VERSION = 5.0;
				TARGETED_DEVICE_FAMILY = "1,2";
			};
			name = Release;
		};
/* End XCBuildConfiguration section */

/* Begin XCConfigurationList section */
		5E1430AF2A37039600475E72 /* Build configuration list for PBXProject "RatConnect" */ = {
			isa = XCConfigurationList;
			buildConfigurations = (
				5E1430C02A37039700475E72 /* Debug */,
				5E1430C12A37039700475E72 /* Release */,
			);
			defaultConfigurationIsVisible = 0;
			defaultConfigurationName = Release;
		};
		5E1430C22A37039700475E72 /* Build configuration list for PBXNativeTarget "RatConnect" */ = {
			isa = XCConfigurationList;
			buildConfigurations = (
				5E1430C32A37039700475E72 /* Debug */,
				5E1430C42A37039700475E72 /* Release */,
			);
			defaultConfigurationIsVisible = 0;
			defaultConfigurationName = Release;
		};
/* End XCConfigurationList section */
	};
	rootObject = 5E1430AC2A37039600475E72 /* Project object */;
}
